{
  "requires": true,
  "lockfileVersion": 1,
  "dependencies": {
    "simple-statistics": {
      "version": "7.7.0",
      "resolved": "https://registry.npmjs.org/simple-statistics/-/simple-statistics-7.7.0.tgz",
      "integrity": "sha512-TAsZRUJ7FD/yCnm5UBgyWU7bP1gOPsw9n/dVrE8hQ+BF1zJPgDJ5X/MOnxG+HE/7nejSpJLJLdmTh7bkfsFkRw=="
    }
  }
}
